
Microsoft Visual Studio Solution File, Format Version 12.00
# Visual Studio Version 17
VisualStudioVersion = 17.4.33213.308
MinimumVisualStudioVersion = 10.0.40219.1
Project("{FAE04EC0-301F-11D3-BF4B-00C04F79EFBC}") = "OOPFinalProject-653450279-6", "OOPFinalProject-653450279-6\OOPFinalProject-653450279-6.csproj", "{9A8CDC4E-D66E-487B-B5CF-0B1A2470250C}"
EndProject
Global
	GlobalSection(SolutionConfigurationPlatforms) = preSolution
		Debug|Any CPU = Debug|Any CPU
		Release|Any CPU = Release|Any CPU
	EndGlobalSection
	GlobalSection(ProjectConfigurationPlatforms) = postSolution
		{9A8CDC4E-D66E-487B-B5CF-0B1A2470250C}.Debug|Any CPU.ActiveCfg = Debug|Any CPU
		{9A8CDC4E-D66E-487B-B5CF-0B1A2470250C}.Debug|Any CPU.Build.0 = Debug|Any CPU
		{9A8CDC4E-D66E-487B-B5CF-0B1A2470250C}.Release|Any CPU.ActiveCfg = Release|Any CPU
		{9A8CDC4E-D66E-487B-B5CF-0B1A2470250C}.Release|Any CPU.Build.0 = Release|Any CPU
	EndGlobalSection
	GlobalSection(SolutionProperties) = preSolution
		HideSolutionNode = FALSE
	EndGlobalSection
	GlobalSection(ExtensibilityGlobals) = postSolution
		SolutionGuid = {EF1F4B3B-2894-4F42-844D-CA058E4F57EF}
	EndGlobalSection
EndGlobal
